
Microsoft Visual Studio Solution File, Format Version 12.00
# Visual Studio Version 16
VisualStudioVersion = 16.0.29306.81
MinimumVisualStudioVersion = 10.0.40219.1
Project("{FAE04EC0-301F-11D3-BF4B-00C04F79EFBC}") = "FileReadAndWrite", "FileReadAndWrite\FileReadAndWrite.csproj", "{AA54CB9A-3243-4694-ACF0-A99C2A020A1E}"
EndProject
Global
	GlobalSection(SolutionConfigurationPlatforms) = preSolution
		Debug|Any CPU = Debug|Any CPU
		Release|Any CPU = Release|Any CPU
	EndGlobalSection
	GlobalSection(ProjectConfigurationPlatforms) = postSolution
		{AA54CB9A-3243-4694-ACF0-A99C2A020A1E}.Debug|Any CPU.ActiveCfg = Debug|Any CPU
		{AA54CB9A-3243-4694-ACF0-A99C2A020A1E}.Debug|Any CPU.Build.0 = Debug|Any CPU
		{AA54CB9A-3243-4694-ACF0-A99C2A020A1E}.Release|Any CPU.ActiveCfg = Release|Any CPU
		{AA54CB9A-3243-4694-ACF0-A99C2A020A1E}.Release|Any CPU.Build.0 = Release|Any CPU
	EndGlobalSection
	GlobalSection(SolutionProperties) = preSolution
		HideSolutionNode = FALSE
	EndGlobalSection
	GlobalSection(ExtensibilityGlobals) = postSolution
		SolutionGuid = {53E1D2C1-AA2C-493C-9C20-582A0C25508B}
	EndGlobalSection
EndGlobal
